{
  "name": "1password-export",
  "version": "1.0.0",
  "lockfileVersion": 3,
  "requires": true,
  "packages": {
    "": {
      "name": "1password-export",
      "version": "1.0.0",
      "license": "ISC",
      "dependencies": {
        "@1password/op-js": "^0.1.11"
      }
    },
    "node_modules/@1password/op-js": {
      "version": "0.1.13",
      "resolved": "https://registry.npmjs.org/@1password/op-js/-/op-js-0.1.13.tgz",
      "integrity": "sha512-ZZBLxVqywFdvIbLv2xWw2N1ImSi183rRKf90vV19KRMReNyLwuD0dv6IrKrIdrJU33IuV3Gz85Z4K2a1PJTBDg==",
      "license": "MIT",
      "dependencies": {
        "lookpath": "^1.2.2",
        "semver": "^7.6.2"
      }
    },
    "node_modules/lookpath": {
      "version": "1.2.3",
      "resolved": "https://registry.npmjs.org/lookpath/-/lookpath-1.2.3.tgz",
      "integrity": "sha512-kthRVhf4kH4+HW3anM4UBHxsw/XFESf13euCEldhXr6GpBdmBoa7rDd7WO5G0Mhd4G5XtKTcEy8OR0iRZXpS3Q==",
      "license": "MIT",
      "bin": {
        "lookpath": "bin/lookpath.js"
      },
      "engines": {
        "npm": ">=6.13.4"
      }
    },
    "node_modules/semver": {
      "version": "7.6.3",
      "resolved": "https://registry.npmjs.org/semver/-/semver-7.6.3.tgz",
      "integrity": "sha512-oVekP1cKtI+CTDvHWYFUcMtsK/00wmAEfyqKfNdARm8u1wNVhSgaX7A8d4UuIlUI5e84iEwOhs7ZPYRmzU9U6A==",
      "license": "ISC",
      "bin": {
        "semver": "bin/semver.js"
      },
      "engines": {
        "node": ">=10"
      }
    }
  }
}
