{
  "name": "1password-export",
  "version": "1.0.0",
  "lockfileVersion": 2,
  "requires": true,
  "packages": {
    "": {
      "name": "1password-export",
      "version": "1.0.0",
      "license": "ISC",
      "dependencies": {
        "@1password/op-js": "^0.1.11"
      }
    },
    "node_modules/@1password/op-js": {
      "version": "0.1.11",
      "resolved": "https://registry.npmjs.org/@1password/op-js/-/op-js-0.1.11.tgz",
      "integrity": "sha512-ZT4B3zYfYz7tz3fol+qAhWYgheUzG9i9OoJq4UcXsKL/8bxtwyt+IrcRcRd3wsyo+MgnsMXQMPOzqYDUNW+S2Q==",
      "dependencies": {
        "lookpath": "^1.2.2",
        "semver": "^7.3.6"
      }
    },
    "node_modules/lookpath": {
      "version": "1.2.2",
      "resolved": "https://registry.npmjs.org/lookpath/-/lookpath-1.2.2.tgz",
      "integrity": "sha512-k2Gmn8iV6qdME3ztZC2spubmQISimFOPLuQKiPaLcVdRz0IpdxrNClVepMlyTJlhodm/zG/VfbkWERm3kUIh+Q==",
      "bin": {
        "lookpath": "bin/lookpath.js"
      },
      "engines": {
        "npm": ">=6.13.4"
      }
    },
    "node_modules/lru-cache": {
      "version": "6.0.0",
      "resolved": "https://registry.npmjs.org/lru-cache/-/lru-cache-6.0.0.tgz",
      "integrity": "sha512-Jo6dJ04CmSjuznwJSS3pUeWmd/H0ffTlkXXgwZi+eq1UCmqQwCh+eLsYOYCwY991i2Fah4h1BEMCx4qThGbsiA==",
      "dependencies": {
        "yallist": "^4.0.0"
      },
      "engines": {
        "node": ">=10"
      }
    },
    "node_modules/semver": {
      "version": "7.5.4",
      "resolved": "https://registry.npmjs.org/semver/-/semver-7.5.4.tgz",
      "integrity": "sha512-1bCSESV6Pv+i21Hvpxp3Dx+pSD8lIPt8uVjRrxAUt/nbswYc+tK6Y2btiULjd4+fnq15PX+nqQDC7Oft7WkwcA==",
      "dependencies": {
        "lru-cache": "^6.0.0"
      },
      "bin": {
        "semver": "bin/semver.js"
      },
      "engines": {
        "node": ">=10"
      }
    },
    "node_modules/yallist": {
      "version": "4.0.0",
      "resolved": "https://registry.npmjs.org/yallist/-/yallist-4.0.0.tgz",
      "integrity": "sha512-3wdGidZyq5PB084XLES5TpOSRA3wjXAlIWMhum2kRcv/41Sn2emQ0dycQW4uZXLejwKvg6EsvbdlVL+FYEct7A=="
    }
  },
  "dependencies": {
    "@1password/op-js": {
      "version": "0.1.11",
      "resolved": "https://registry.npmjs.org/@1password/op-js/-/op-js-0.1.11.tgz",
      "integrity": "sha512-ZT4B3zYfYz7tz3fol+qAhWYgheUzG9i9OoJq4UcXsKL/8bxtwyt+IrcRcRd3wsyo+MgnsMXQMPOzqYDUNW+S2Q==",
      "requires": {
        "lookpath": "^1.2.2",
        "semver": "^7.3.6"
      }
    },
    "lookpath": {
      "version": "1.2.2",
      "resolved": "https://registry.npmjs.org/lookpath/-/lookpath-1.2.2.tgz",
      "integrity": "sha512-k2Gmn8iV6qdME3ztZC2spubmQISimFOPLuQKiPaLcVdRz0IpdxrNClVepMlyTJlhodm/zG/VfbkWERm3kUIh+Q=="
    },
    "lru-cache": {
      "version": "6.0.0",
      "resolved": "https://registry.npmjs.org/lru-cache/-/lru-cache-6.0.0.tgz",
      "integrity": "sha512-Jo6dJ04CmSjuznwJSS3pUeWmd/H0ffTlkXXgwZi+eq1UCmqQwCh+eLsYOYCwY991i2Fah4h1BEMCx4qThGbsiA==",
      "requires": {
        "yallist": "^4.0.0"
      }
    },
    "semver": {
      "version": "7.5.4",
      "resolved": "https://registry.npmjs.org/semver/-/semver-7.5.4.tgz",
      "integrity": "sha512-1bCSESV6Pv+i21Hvpxp3Dx+pSD8lIPt8uVjRrxAUt/nbswYc+tK6Y2btiULjd4+fnq15PX+nqQDC7Oft7WkwcA==",
      "requires": {
        "lru-cache": "^6.0.0"
      }
    },
    "yallist": {
      "version": "4.0.0",
      "resolved": "https://registry.npmjs.org/yallist/-/yallist-4.0.0.tgz",
      "integrity": "sha512-3wdGidZyq5PB084XLES5TpOSRA3wjXAlIWMhum2kRcv/41Sn2emQ0dycQW4uZXLejwKvg6EsvbdlVL+FYEct7A=="
    }
  }
}
